{
    "requires": true,
    "lockfileVersion": 1,
    "dependencies": {
        "@bravosellcms/ajax-button": {
            "version": "1.1.0",
            "resolved": "https://registry.npmjs.org/@bravosellcms/ajax-button/-/ajax-button-1.1.0.tgz",
            "integrity": "sha512-nQjWj7o+B586+lkyq6AAeK1EZiidPVT6JCMy5UFJ3jsb1kNdXOZwGurpl7jjIPgQ0cbUAmhY6UfyiqCCWTJWPw=="
        },
        "@bravosellcms/autosaving": {
            "version": "1.0.6",
            "resolved": "https://registry.npmjs.org/@bravosellcms/autosaving/-/autosaving-1.0.6.tgz",
            "integrity": "sha512-pAfEpOrDOsidUBqfHKSvq/kAdWnH/+n6Gi+NsvFgWSMFfX14RofeOM0ldYUNUFKqVJUuymf1Wi5WXvbeY5ZMqQ=="
        },
        "@bravosellcms/editor": {
            "version": "1.0.1",
            "resolved": "https://registry.npmjs.org/@bravosellcms/editor/-/editor-1.0.1.tgz",
            "integrity": "sha512-1p1fFYQWR/iKIAy7XLw+2ch9qjUet01Ex2Lgs5KF2a7FqzaRkMcDFW5mBSPiRgwZT/Jqyjc2vaI7K8VQy8M95w==",
            "requires": {
                "@bravosellcms/file-manager": "^1.0.0",
                "bootstrap": "^3.2.0",
                "jquery": "^3.3.1",
                "jquery-colpick": "^3.1.0",
                "jquery-ui": "^1.12.1",
                "select2": "^4.0.3"
            },
            "dependencies": {
                "bootstrap": {
                    "version": "3.3.7",
                    "resolved": "https://registry.npmjs.org/bootstrap/-/bootstrap-3.3.7.tgz",
                    "integrity": "sha1-WjiTlFSfIzMIdaOxUGVldPip63E="
                }
            }
        },
        "@bravosellcms/file-manager": {
            "version": "1.1.1",
            "resolved": "https://registry.npmjs.org/@bravosellcms/file-manager/-/file-manager-1.1.1.tgz",
            "integrity": "sha512-LL0YjdpGw2lxWSI2tqC3Jn1IYLSvF6RduYEN+EtSEwCC+jkRLPurUnKy0+t7+464S9hMI4UXSQzLF87/mD63YA=="
        },
        "@bravosellcms/language-selector": {
            "version": "1.0.1",
            "resolved": "https://registry.npmjs.org/@bravosellcms/language-selector/-/language-selector-1.0.1.tgz",
            "integrity": "sha512-hBfx+qIDLw0ViuDIhy18J4SEVf5VxoItBTlWjQzDetKTCPVuFfkBCPLIDvtblr/EXGYX+MxLMP4sQHxUeRQQPA=="
        },
        "@bravosellcms/timer": {
            "version": "1.0.0",
            "resolved": "https://registry.npmjs.org/@bravosellcms/timer/-/timer-1.0.0.tgz",
            "integrity": "sha512-z6RZq4oWhe0ys0BCqJuzB3/JrmPBaBC3NRb36Jxpo3gG7HRKIPba8CBFZv0+OaXqS6Jyaxa1rC7nGZSvZGwEXQ=="
        },
        "almond": {
            "version": "0.3.3",
            "resolved": "https://registry.npmjs.org/almond/-/almond-0.3.3.tgz",
            "integrity": "sha1-oOfJWsdiTWQXtElLHmi/9pMWiiA="
        },
        "bootstrap": {
            "version": "4.3.1",
            "resolved": "https://registry.npmjs.org/bootstrap/-/bootstrap-4.3.1.tgz",
            "integrity": "sha512-rXqOmH1VilAt2DyPzluTi2blhk17bO7ef+zLLPlWvG494pDxcM234pJ8wTc/6R40UWizAIIMgxjvxZg5kmsbag=="
        },
        "jquery": {
            "version": "3.4.1",
            "resolved": "https://registry.npmjs.org/jquery/-/jquery-3.4.1.tgz",
            "integrity": "sha512-36+AdBzCL+y6qjw5Tx7HgzeGCzC81MDDgaUP8ld2zhx58HdqXGoBd+tHdrBMiyjGQs0Hxs/MLZTu/eHNJJuWPw=="
        },
        "jquery-colpick": {
            "version": "3.1.0",
            "resolved": "https://registry.npmjs.org/jquery-colpick/-/jquery-colpick-3.1.0.tgz",
            "integrity": "sha1-8eZEfCra7nXGTL/6H2oC9zQTMOk=",
            "requires": {
                "jquery": ">=1.7.0 || ^2.1.4"
            }
        },
        "jquery-mousewheel": {
            "version": "3.1.13",
            "resolved": "https://registry.npmjs.org/jquery-mousewheel/-/jquery-mousewheel-3.1.13.tgz",
            "integrity": "sha1-BvAzXxbjU6aV5yBr9QUDy1I6buU="
        },
        "jquery-ui": {
            "version": "1.12.1",
            "resolved": "https://registry.npmjs.org/jquery-ui/-/jquery-ui-1.12.1.tgz",
            "integrity": "sha1-vLQEXI3QU5wTS8FIjN0+dop6nlE="
        },
        "jquery-ui-dist": {
            "version": "1.12.1",
            "resolved": "https://registry.npmjs.org/jquery-ui-dist/-/jquery-ui-dist-1.12.1.tgz",
            "integrity": "sha1-XAgV08xvkP9fqvWyaKbiO0ypBPo="
        },
        "js-cookie": {
            "version": "2.2.0",
            "resolved": "https://registry.npmjs.org/js-cookie/-/js-cookie-2.2.0.tgz",
            "integrity": "sha1-Gywnmm7s44ChIWi5JIUmWzWx7/s="
        },
        "popper.js": {
            "version": "1.14.7",
            "resolved": "https://registry.npmjs.org/popper.js/-/popper.js-1.14.7.tgz",
            "integrity": "sha512-4q1hNvoUre/8srWsH7hnoSJ5xVmIL4qgz+s4qf2TnJIMyZFUFMGH+9vE7mXynAlHSZ/NdTmmow86muD0myUkVQ=="
        },
        "requirejs": {
            "version": "2.3.6",
            "resolved": "https://registry.npmjs.org/requirejs/-/requirejs-2.3.6.tgz",
            "integrity": "sha512-ipEzlWQe6RK3jkzikgCupiTbTvm4S0/CAU5GlgptkN5SO6F3u0UD0K18wy6ErDqiCyP4J4YYe1HuAShvsxePLg=="
        },
        "select2": {
            "version": "4.0.5",
            "resolved": "https://registry.npmjs.org/select2/-/select2-4.0.5.tgz",
            "integrity": "sha1-eqxQaSVhmFs007guxV4ib4lg1Ao=",
            "requires": {
                "almond": "~0.3.1",
                "jquery-mousewheel": "~3.1.13"
            }
        }
    }
}
